// !$*UTF8*$!
{
	archiveVersion = 1;
	classes = {
	};
	objectVersion = 77;
	objects = {

/* Begin PBXBuildFile section */
		B9567A732D1F536100CAD0F1 /* ContentView.swift in Sources */ = {isa = PBXBuildFile; fileRef = B9567A702D1F536100CAD0F1 /* ContentView.swift */; };
		B9567A742D1F536100CAD0F1 /* Icons_DesignerApp.swift in Sources */ = {isa = PBXBuildFile; fileRef = B9567A712D1F536100CAD0F1 /* Icons_DesignerApp.swift */; };
		B9567A752D1F536100CAD0F1 /* Preview Assets.xcassets in Resources */ = {isa = PBXBuildFile; fileRef = B9567A6D2D1F536100CAD0F1 /* Preview Assets.xcassets */; };
		B9567A762D1F536100CAD0F1 /* Assets.xcassets in Resources */ = {isa = PBXBuildFile; fileRef = B9567A6F2D1F536100CAD0F1 /* Assets.xcassets */; };
		B9567A882D1F69FF00CAD0F1 /* FolderTop.swift in Sources */ = {isa = PBXBuildFile; fileRef = B9567A872D1F69FF00CAD0F1 /* FolderTop.swift */; };
		B9567A8C2D1F969C00CAD0F1 /* FolderIconView.swift in Sources */ = {isa = PBXBuildFile; fileRef = B9567A8B2D1F969C00CAD0F1 /* FolderIconView.swift */; };
		B9567A8E2D1F96B300CAD0F1 /* Snapshot.swift in Sources */ = {isa = PBXBuildFile; fileRef = B9567A8D2D1F96B300CAD0F1 /* Snapshot.swift */; };
		B9567A902D1F9CD400CAD0F1 /* hex.swift in Sources */ = {isa = PBXBuildFile; fileRef = B9567A8F2D1F9CD400CAD0F1 /* hex.swift */; };
		B9567A922D1FA74F00CAD0F1 /* FolderPresetPreview.swift in Sources */ = {isa = PBXBuildFile; fileRef = B9567A912D1FA74F00CAD0F1 /* FolderPresetPreview.swift */; };
		B9567A972D1FAA6F00CAD0F1 /* IconsArrayIOS18.swift in Sources */ = {isa = PBXBuildFile; fileRef = B9567A952D1FAA6F00CAD0F1 /* IconsArrayIOS18.swift */; };
		B9567A982D1FAA6F00CAD0F1 /* IconsPicker.swift in Sources */ = {isa = PBXBuildFile; fileRef = B9567A932D1FAA6F00CAD0F1 /* IconsPicker.swift */; };
		B9567A992D1FAA6F00CAD0F1 /* IconsArrayStorage.swift in Sources */ = {isa = PBXBuildFile; fileRef = B9567A942D1FAA6F00CAD0F1 /* IconsArrayStorage.swift */; };
		B9567A9A2D1FAA6F00CAD0F1 /* Icons Arrays.swift in Sources */ = {isa = PBXBuildFile; fileRef = B9567A962D1FAA6F00CAD0F1 /* Icons Arrays.swift */; };
		B98FCE092D1FDDCC0033EAED /* IconChanger.swift in Sources */ = {isa = PBXBuildFile; fileRef = B98FCE082D1FDDCC0033EAED /* IconChanger.swift */; };
		B98FCE0C2D20AED10033EAED /* FolderClippingShape.swift in Sources */ = {isa = PBXBuildFile; fileRef = B98FCE0B2D20AED10033EAED /* FolderClippingShape.swift */; };
		B99E1CBF2D27DD9A008EF662 /* About.swift in Sources */ = {isa = PBXBuildFile; fileRef = B99E1CBE2D27DD9A008EF662 /* About.swift */; };
/* End PBXBuildFile section */

/* Begin PBXFileReference section */
		B9567A5C2D1F515E00CAD0F1 /* SF Folders.app */ = {isa = PBXFileReference; explicitFileType = wrapper.application; includeInIndex = 0; path = "SF Folders.app"; sourceTree = BUILT_PRODUCTS_DIR; };
		B9567A6D2D1F536100CAD0F1 /* Preview Assets.xcassets */ = {isa = PBXFileReference; lastKnownFileType = folder.assetcatalog; path = "Preview Assets.xcassets"; sourceTree = "<group>"; };
		B9567A6F2D1F536100CAD0F1 /* Assets.xcassets */ = {isa = PBXFileReference; lastKnownFileType = folder.assetcatalog; path = Assets.xcassets; sourceTree = "<group>"; };
		B9567A702D1F536100CAD0F1 /* ContentView.swift */ = {isa = PBXFileReference; lastKnownFileType = sourcecode.swift; path = ContentView.swift; sourceTree = "<group>"; };
		B9567A712D1F536100CAD0F1 /* Icons_DesignerApp.swift */ = {isa = PBXFileReference; lastKnownFileType = sourcecode.swift; path = Icons_DesignerApp.swift; sourceTree = "<group>"; };
		B9567A872D1F69FF00CAD0F1 /* FolderTop.swift */ = {isa = PBXFileReference; lastKnownFileType = sourcecode.swift; path = FolderTop.swift; sourceTree = "<group>"; };
		B9567A8B2D1F969C00CAD0F1 /* FolderIconView.swift */ = {isa = PBXFileReference; lastKnownFileType = sourcecode.swift; path = FolderIconView.swift; sourceTree = "<group>"; };
		B9567A8D2D1F96B300CAD0F1 /* Snapshot.swift */ = {isa = PBXFileReference; lastKnownFileType = sourcecode.swift; path = Snapshot.swift; sourceTree = "<group>"; };
		B9567A8F2D1F9CD400CAD0F1 /* hex.swift */ = {isa = PBXFileReference; lastKnownFileType = sourcecode.swift; path = hex.swift; sourceTree = "<group>"; };
		B9567A912D1FA74F00CAD0F1 /* FolderPresetPreview.swift */ = {isa = PBXFileReference; lastKnownFileType = sourcecode.swift; path = FolderPresetPreview.swift; sourceTree = "<group>"; };
		B9567A932D1FAA6F00CAD0F1 /* IconsPicker.swift */ = {isa = PBXFileReference; lastKnownFileType = sourcecode.swift; path = IconsPicker.swift; sourceTree = "<group>"; };
		B9567A942D1FAA6F00CAD0F1 /* IconsArrayStorage.swift */ = {isa = PBXFileReference; lastKnownFileType = sourcecode.swift; path = IconsArrayStorage.swift; sourceTree = "<group>"; };
		B9567A952D1FAA6F00CAD0F1 /* IconsArrayIOS18.swift */ = {isa = PBXFileReference; lastKnownFileType = sourcecode.swift; path = IconsArrayIOS18.swift; sourceTree = "<group>"; };
		B9567A962D1FAA6F00CAD0F1 /* Icons Arrays.swift */ = {isa = PBXFileReference; lastKnownFileType = sourcecode.swift; path = "Icons Arrays.swift"; sourceTree = "<group>"; };
		B98FCDEC2D1FC27E0033EAED /* Icons Designer.entitlements */ = {isa = PBXFileReference; lastKnownFileType = text.plist.entitlements; path = "Icons Designer.entitlements"; sourceTree = "<group>"; };
		B98FCE082D1FDDCC0033EAED /* IconChanger.swift */ = {isa = PBXFileReference; lastKnownFileType = sourcecode.swift; path = IconChanger.swift; sourceTree = "<group>"; };
		B98FCE0B2D20AED10033EAED /* FolderClippingShape.swift */ = {isa = PBXFileReference; lastKnownFileType = sourcecode.swift; path = FolderClippingShape.swift; sourceTree = "<group>"; };
		B99E1CBE2D27DD9A008EF662 /* About.swift */ = {isa = PBXFileReference; lastKnownFileType = sourcecode.swift; path = About.swift; sourceTree = "<group>"; };
/* End PBXFileReference section */

/* Begin PBXFrameworksBuildPhase section */
		B9567A592D1F515E00CAD0F1 /* Frameworks */ = {
			isa = PBXFrameworksBuildPhase;
			buildActionMask = 2147483647;
			files = (
			);
			runOnlyForDeploymentPostprocessing = 0;
		};
/* End PBXFrameworksBuildPhase section */

/* Begin PBXGroup section */
		B9567A532D1F515E00CAD0F1 = {
			isa = PBXGroup;
			children = (
				B9567A722D1F536100CAD0F1 /* Icons Designer */,
				B9567A5D2D1F515E00CAD0F1 /* Products */,
			);
			sourceTree = "<group>";
		};
		B9567A5D2D1F515E00CAD0F1 /* Products */ = {
			isa = PBXGroup;
			children = (
				B9567A5C2D1F515E00CAD0F1 /* SF Folders.app */,
			);
			name = Products;
			sourceTree = "<group>";
		};
		B9567A6E2D1F536100CAD0F1 /* Preview Content */ = {
			isa = PBXGroup;
			children = (
				B9567A6D2D1F536100CAD0F1 /* Preview Assets.xcassets */,
			);
			path = "Preview Content";
			sourceTree = "<group>";
		};
		B9567A722D1F536100CAD0F1 /* Icons Designer */ = {
			isa = PBXGroup;
			children = (
				B98FCDEC2D1FC27E0033EAED /* Icons Designer.entitlements */,
				B9567A712D1F536100CAD0F1 /* Icons_DesignerApp.swift */,
				B9567A702D1F536100CAD0F1 /* ContentView.swift */,
				B98FCE0B2D20AED10033EAED /* FolderClippingShape.swift */,
				B9567A8B2D1F969C00CAD0F1 /* FolderIconView.swift */,
				B9567A912D1FA74F00CAD0F1 /* FolderPresetPreview.swift */,
				B9567A8D2D1F96B300CAD0F1 /* Snapshot.swift */,
				B9567A872D1F69FF00CAD0F1 /* FolderTop.swift */,
				B98FCE082D1FDDCC0033EAED /* IconChanger.swift */,
				B99E1CBE2D27DD9A008EF662 /* About.swift */,
				B98FCE0A2D1FDE020033EAED /* Icon Picker */,
				B9567A8F2D1F9CD400CAD0F1 /* hex.swift */,
				B9567A6F2D1F536100CAD0F1 /* Assets.xcassets */,
				B9567A6E2D1F536100CAD0F1 /* Preview Content */,
			);
			path = "Icons Designer";
			sourceTree = "<group>";
		};
		B98FCE0A2D1FDE020033EAED /* Icon Picker */ = {
			isa = PBXGroup;
			children = (
				B9567A932D1FAA6F00CAD0F1 /* IconsPicker.swift */,
				B9567A942D1FAA6F00CAD0F1 /* IconsArrayStorage.swift */,
				B9567A952D1FAA6F00CAD0F1 /* IconsArrayIOS18.swift */,
				B9567A962D1FAA6F00CAD0F1 /* Icons Arrays.swift */,
			);
			path = "Icon Picker";
			sourceTree = "<group>";
		};
/* End PBXGroup section */

/* Begin PBXNativeTarget section */
		B9567A5B2D1F515E00CAD0F1 /* SF Folders */ = {
			isa = PBXNativeTarget;
			buildConfigurationList = B9567A6A2D1F516000CAD0F1 /* Build configuration list for PBXNativeTarget "SF Folders" */;
			buildPhases = (
				B9567A582D1F515E00CAD0F1 /* Sources */,
				B9567A592D1F515E00CAD0F1 /* Frameworks */,
				B9567A5A2D1F515E00CAD0F1 /* Resources */,
			);
			buildRules = (
			);
			dependencies = (
			);
			name = "SF Folders";
			packageProductDependencies = (
			);
			productName = "Icons Designer";
			productReference = B9567A5C2D1F515E00CAD0F1 /* SF Folders.app */;
			productType = "com.apple.product-type.application";
		};
/* End PBXNativeTarget section */

/* Begin PBXProject section */
		B9567A542D1F515E00CAD0F1 /* Project object */ = {
			isa = PBXProject;
			attributes = {
				BuildIndependentTargetsInParallel = 1;
				LastSwiftUpdateCheck = 1610;
				LastUpgradeCheck = 1610;
				TargetAttributes = {
					B9567A5B2D1F515E00CAD0F1 = {
						CreatedOnToolsVersion = 16.1;
					};
				};
			};
			buildConfigurationList = B9567A572D1F515E00CAD0F1 /* Build configuration list for PBXProject "SF Folders" */;
			developmentRegion = en;
			hasScannedForEncodings = 0;
			knownRegions = (
				en,
				Base,
			);
			mainGroup = B9567A532D1F515E00CAD0F1;
			minimizedProjectReferenceProxies = 1;
			packageReferences = (
			);
			preferredProjectObjectVersion = 77;
			productRefGroup = B9567A5D2D1F515E00CAD0F1 /* Products */;
			projectDirPath = "";
			projectRoot = "";
			targets = (
				B9567A5B2D1F515E00CAD0F1 /* SF Folders */,
			);
		};
/* End PBXProject section */

/* Begin PBXResourcesBuildPhase section */
		B9567A5A2D1F515E00CAD0F1 /* Resources */ = {
			isa = PBXResourcesBuildPhase;
			buildActionMask = 2147483647;
			files = (
				B9567A752D1F536100CAD0F1 /* Preview Assets.xcassets in Resources */,
				B9567A762D1F536100CAD0F1 /* Assets.xcassets in Resources */,
			);
			runOnlyForDeploymentPostprocessing = 0;
		};
/* End PBXResourcesBuildPhase section */

/* Begin PBXSourcesBuildPhase section */
		B9567A582D1F515E00CAD0F1 /* Sources */ = {
			isa = PBXSourcesBuildPhase;
			buildActionMask = 2147483647;
			files = (
				B9567A882D1F69FF00CAD0F1 /* FolderTop.swift in Sources */,
				B9567A902D1F9CD400CAD0F1 /* hex.swift in Sources */,
				B9567A972D1FAA6F00CAD0F1 /* IconsArrayIOS18.swift in Sources */,
				B9567A982D1FAA6F00CAD0F1 /* IconsPicker.swift in Sources */,
				B9567A992D1FAA6F00CAD0F1 /* IconsArrayStorage.swift in Sources */,
				B9567A9A2D1FAA6F00CAD0F1 /* Icons Arrays.swift in Sources */,
				B9567A732D1F536100CAD0F1 /* ContentView.swift in Sources */,
				B9567A922D1FA74F00CAD0F1 /* FolderPresetPreview.swift in Sources */,
				B9567A742D1F536100CAD0F1 /* Icons_DesignerApp.swift in Sources */,
				B99E1CBF2D27DD9A008EF662 /* About.swift in Sources */,
				B98FCE0C2D20AED10033EAED /* FolderClippingShape.swift in Sources */,
				B98FCE092D1FDDCC0033EAED /* IconChanger.swift in Sources */,
				B9567A8C2D1F969C00CAD0F1 /* FolderIconView.swift in Sources */,
				B9567A8E2D1F96B300CAD0F1 /* Snapshot.swift in Sources */,
			);
			runOnlyForDeploymentPostprocessing = 0;
		};
/* End PBXSourcesBuildPhase section */

/* Begin XCBuildConfiguration section */
		B9567A682D1F516000CAD0F1 /* Debug */ = {
			isa = XCBuildConfiguration;
			buildSettings = {
				ALWAYS_SEARCH_USER_PATHS = NO;
				ASSETCATALOG_COMPILER_GENERATE_SWIFT_ASSET_SYMBOL_EXTENSIONS = YES;
				CLANG_ANALYZER_NONNULL = YES;
				CLANG_ANALYZER_NUMBER_OBJECT_CONVERSION = YES_AGGRESSIVE;
				CLANG_CXX_LANGUAGE_STANDARD = "gnu++20";
				CLANG_ENABLE_MODULES = YES;
				CLANG_ENABLE_OBJC_ARC = YES;
				CLANG_ENABLE_OBJC_WEAK = YES;
				CLANG_WARN_BLOCK_CAPTURE_AUTORELEASING = YES;
				CLANG_WARN_BOOL_CONVERSION = YES;
				CLANG_WARN_COMMA = YES;
				CLANG_WARN_CONSTANT_CONVERSION = YES;
				CLANG_WARN_DEPRECATED_OBJC_IMPLEMENTATIONS = YES;
				CLANG_WARN_DIRECT_OBJC_ISA_USAGE = YES_ERROR;
				CLANG_WARN_DOCUMENTATION_COMMENTS = YES;
				CLANG_WARN_EMPTY_BODY = YES;
				CLANG_WARN_ENUM_CONVERSION = YES;
				CLANG_WARN_INFINITE_RECURSION = YES;
				CLANG_WARN_INT_CONVERSION = YES;
				CLANG_WARN_NON_LITERAL_NULL_CONVERSION = YES;
				CLANG_WARN_OBJC_IMPLICIT_RETAIN_SELF = YES;
				CLANG_WARN_OBJC_LITERAL_CONVERSION = YES;
				CLANG_WARN_OBJC_ROOT_CLASS = YES_ERROR;
				CLANG_WARN_QUOTED_INCLUDE_IN_FRAMEWORK_HEADER = YES;
				CLANG_WARN_RANGE_LOOP_ANALYSIS = YES;
				CLANG_WARN_STRICT_PROTOTYPES = YES;
				CLANG_WARN_SUSPICIOUS_MOVE = YES;
				CLANG_WARN_UNGUARDED_AVAILABILITY = YES_AGGRESSIVE;
				CLANG_WARN_UNREACHABLE_CODE = YES;
				CLANG_WARN__DUPLICATE_METHOD_MATCH = YES;
				COPY_PHASE_STRIP = NO;
				DEBUG_INFORMATION_FORMAT = dwarf;
				ENABLE_STRICT_OBJC_MSGSEND = YES;
				ENABLE_TESTABILITY = YES;
				ENABLE_USER_SCRIPT_SANDBOXING = YES;
				GCC_C_LANGUAGE_STANDARD = gnu17;
				GCC_DYNAMIC_NO_PIC = NO;
				GCC_NO_COMMON_BLOCKS = YES;
				GCC_OPTIMIZATION_LEVEL = 0;
				GCC_PREPROCESSOR_DEFINITIONS = (
					"DEBUG=1",
					"$(inherited)",
				);
				GCC_WARN_64_TO_32_BIT_CONVERSION = YES;
				GCC_WARN_ABOUT_RETURN_TYPE = YES_ERROR;
				GCC_WARN_UNDECLARED_SELECTOR = YES;
				GCC_WARN_UNINITIALIZED_AUTOS = YES_AGGRESSIVE;
				GCC_WARN_UNUSED_FUNCTION = YES;
				GCC_WARN_UNUSED_VARIABLE = YES;
				IPHONEOS_DEPLOYMENT_TARGET = 18.1;
				LOCALIZATION_PREFERS_STRING_CATALOGS = YES;
				MTL_ENABLE_DEBUG_INFO = INCLUDE_SOURCE;
				MTL_FAST_MATH = YES;
				ONLY_ACTIVE_ARCH = YES;
				SDKROOT = iphoneos;
				SWIFT_ACTIVE_COMPILATION_CONDITIONS = "DEBUG $(inherited)";
				SWIFT_OPTIMIZATION_LEVEL = "-Onone";
			};
			name = Debug;
		};
		B9567A692D1F516000CAD0F1 /* Release */ = {
			isa = XCBuildConfiguration;
			buildSettings = {
				ALWAYS_SEARCH_USER_PATHS = NO;
				ASSETCATALOG_COMPILER_GENERATE_SWIFT_ASSET_SYMBOL_EXTENSIONS = YES;
				CLANG_ANALYZER_NONNULL = YES;
				CLANG_ANALYZER_NUMBER_OBJECT_CONVERSION = YES_AGGRESSIVE;
				CLANG_CXX_LANGUAGE_STANDARD = "gnu++20";
				CLANG_ENABLE_MODULES = YES;
				CLANG_ENABLE_OBJC_ARC = YES;
				CLANG_ENABLE_OBJC_WEAK = YES;
				CLANG_WARN_BLOCK_CAPTURE_AUTORELEASING = YES;
				CLANG_WARN_BOOL_CONVERSION = YES;
				CLANG_WARN_COMMA = YES;
				CLANG_WARN_CONSTANT_CONVERSION = YES;
				CLANG_WARN_DEPRECATED_OBJC_IMPLEMENTATIONS = YES;
				CLANG_WARN_DIRECT_OBJC_ISA_USAGE = YES_ERROR;
				CLANG_WARN_DOCUMENTATION_COMMENTS = YES;
				CLANG_WARN_EMPTY_BODY = YES;
				CLANG_WARN_ENUM_CONVERSION = YES;
				CLANG_WARN_INFINITE_RECURSION = YES;
				CLANG_WARN_INT_CONVERSION = YES;
				CLANG_WARN_NON_LITERAL_NULL_CONVERSION = YES;
				CLANG_WARN_OBJC_IMPLICIT_RETAIN_SELF = YES;
				CLANG_WARN_OBJC_LITERAL_CONVERSION = YES;
				CLANG_WARN_OBJC_ROOT_CLASS = YES_ERROR;
				CLANG_WARN_QUOTED_INCLUDE_IN_FRAMEWORK_HEADER = YES;
				CLANG_WARN_RANGE_LOOP_ANALYSIS = YES;
				CLANG_WARN_STRICT_PROTOTYPES = YES;
				CLANG_WARN_SUSPICIOUS_MOVE = YES;
				CLANG_WARN_UNGUARDED_AVAILABILITY = YES_AGGRESSIVE;
				CLANG_WARN_UNREACHABLE_CODE = YES;
				CLANG_WARN__DUPLICATE_METHOD_MATCH = YES;
				COPY_PHASE_STRIP = NO;
				DEBUG_INFORMATION_FORMAT = "dwarf-with-dsym";
				ENABLE_NS_ASSERTIONS = NO;
				ENABLE_STRICT_OBJC_MSGSEND = YES;
				ENABLE_USER_SCRIPT_SANDBOXING = YES;
				GCC_C_LANGUAGE_STANDARD = gnu17;
				GCC_NO_COMMON_BLOCKS = YES;
				GCC_WARN_64_TO_32_BIT_CONVERSION = YES;
				GCC_WARN_ABOUT_RETURN_TYPE = YES_ERROR;
				GCC_WARN_UNDECLARED_SELECTOR = YES;
				GCC_WARN_UNINITIALIZED_AUTOS = YES_AGGRESSIVE;
				GCC_WARN_UNUSED_FUNCTION = YES;
				GCC_WARN_UNUSED_VARIABLE = YES;
				IPHONEOS_DEPLOYMENT_TARGET = 18.1;
				LOCALIZATION_PREFERS_STRING_CATALOGS = YES;
				MTL_ENABLE_DEBUG_INFO = NO;
				MTL_FAST_MATH = YES;
				SDKROOT = iphoneos;
				SWIFT_COMPILATION_MODE = wholemodule;
				VALIDATE_PRODUCT = YES;
			};
			name = Release;
		};
		B9567A6B2D1F516000CAD0F1 /* Debug */ = {
			isa = XCBuildConfiguration;
			buildSettings = {
				ASSETCATALOG_COMPILER_APPICON_NAME = "New AppIcon";
				ASSETCATALOG_COMPILER_GLOBAL_ACCENT_COLOR_NAME = AccentColor;
				CODE_SIGN_ENTITLEMENTS = "Icons Designer/Icons Designer.entitlements";
				CODE_SIGN_STYLE = Automatic;
				CURRENT_PROJECT_VERSION = 5;
				DEVELOPMENT_ASSET_PATHS = "\"Icons Designer/Preview Content\"";
				DEVELOPMENT_TEAM = 47J6H2LHDD;
				ENABLE_HARDENED_RUNTIME = YES;
				ENABLE_PREVIEWS = YES;
				GENERATE_INFOPLIST_FILE = YES;
				INFOPLIST_KEY_CFBundleDisplayName = "SF Folders";
				INFOPLIST_KEY_LSApplicationCategoryType = "public.app-category.utilities";
				INFOPLIST_KEY_UIApplicationSceneManifest_Generation = YES;
				INFOPLIST_KEY_UIApplicationSupportsIndirectInputEvents = YES;
				INFOPLIST_KEY_UILaunchScreen_Generation = YES;
				INFOPLIST_KEY_UISupportedInterfaceOrientations_iPad = "UIInterfaceOrientationPortrait UIInterfaceOrientationPortraitUpsideDown UIInterfaceOrientationLandscapeLeft UIInterfaceOrientationLandscapeRight";
				INFOPLIST_KEY_UISupportedInterfaceOrientations_iPhone = "UIInterfaceOrientationPortrait UIInterfaceOrientationLandscapeLeft UIInterfaceOrientationLandscapeRight";
				LD_RUNPATH_SEARCH_PATHS = (
					"$(inherited)",
					"@executable_path/Frameworks",
				);
				MARKETING_VERSION = 1.0;
				PRODUCT_BUNDLE_IDENTIFIER = "com.doorhingeapps.Icons-Designer";
				PRODUCT_NAME = "$(TARGET_NAME)";
				REGISTER_APP_GROUPS = NO;
				SUPPORTED_PLATFORMS = macosx;
				SUPPORTS_MACCATALYST = NO;
				SUPPORTS_MAC_DESIGNED_FOR_IPHONE_IPAD = NO;
				SUPPORTS_XR_DESIGNED_FOR_IPHONE_IPAD = NO;
				SWIFT_EMIT_LOC_STRINGS = YES;
				SWIFT_VERSION = 5.0;
			};
			name = Debug;
		};
		B9567A6C2D1F516000CAD0F1 /* Release */ = {
			isa = XCBuildConfiguration;
			buildSettings = {
				ASSETCATALOG_COMPILER_APPICON_NAME = "New AppIcon";
				ASSETCATALOG_COMPILER_GLOBAL_ACCENT_COLOR_NAME = AccentColor;
				CODE_SIGN_ENTITLEMENTS = "Icons Designer/Icons Designer.entitlements";
				CODE_SIGN_STYLE = Automatic;
				CURRENT_PROJECT_VERSION = 5;
				DEVELOPMENT_ASSET_PATHS = "\"Icons Designer/Preview Content\"";
				DEVELOPMENT_TEAM = 47J6H2LHDD;
				ENABLE_HARDENED_RUNTIME = YES;
				ENABLE_PREVIEWS = YES;
				GENERATE_INFOPLIST_FILE = YES;
				INFOPLIST_KEY_CFBundleDisplayName = "SF Folders";
				INFOPLIST_KEY_LSApplicationCategoryType = "public.app-category.utilities";
				INFOPLIST_KEY_UIApplicationSceneManifest_Generation = YES;
				INFOPLIST_KEY_UIApplicationSupportsIndirectInputEvents = YES;
				INFOPLIST_KEY_UILaunchScreen_Generation = YES;
				INFOPLIST_KEY_UISupportedInterfaceOrientations_iPad = "UIInterfaceOrientationPortrait UIInterfaceOrientationPortraitUpsideDown UIInterfaceOrientationLandscapeLeft UIInterfaceOrientationLandscapeRight";
				INFOPLIST_KEY_UISupportedInterfaceOrientations_iPhone = "UIInterfaceOrientationPortrait UIInterfaceOrientationLandscapeLeft UIInterfaceOrientationLandscapeRight";
				LD_RUNPATH_SEARCH_PATHS = (
					"$(inherited)",
					"@executable_path/Frameworks",
				);
				MARKETING_VERSION = 1.0;
				PRODUCT_BUNDLE_IDENTIFIER = "com.doorhingeapps.Icons-Designer";
				PRODUCT_NAME = "$(TARGET_NAME)";
				REGISTER_APP_GROUPS = NO;
				SUPPORTED_PLATFORMS = macosx;
				SUPPORTS_MACCATALYST = NO;
				SUPPORTS_MAC_DESIGNED_FOR_IPHONE_IPAD = NO;
				SUPPORTS_XR_DESIGNED_FOR_IPHONE_IPAD = NO;
				SWIFT_EMIT_LOC_STRINGS = YES;
				SWIFT_VERSION = 5.0;
			};
			name = Release;
		};
/* End XCBuildConfiguration section */

/* Begin XCConfigurationList section */
		B9567A572D1F515E00CAD0F1 /* Build configuration list for PBXProject "SF Folders" */ = {
			isa = XCConfigurationList;
			buildConfigurations = (
				B9567A682D1F516000CAD0F1 /* Debug */,
				B9567A692D1F516000CAD0F1 /* Release */,
			);
			defaultConfigurationIsVisible = 0;
			defaultConfigurationName = Release;
		};
		B9567A6A2D1F516000CAD0F1 /* Build configuration list for PBXNativeTarget "SF Folders" */ = {
			isa = XCConfigurationList;
			buildConfigurations = (
				B9567A6B2D1F516000CAD0F1 /* Debug */,
				B9567A6C2D1F516000CAD0F1 /* Release */,
			);
			defaultConfigurationIsVisible = 0;
			defaultConfigurationName = Release;
		};
/* End XCConfigurationList section */
	};
	rootObject = B9567A542D1F515E00CAD0F1 /* Project object */;
}
