{
  "originHash" : "e4563401465997c3e3783000f249a5b4157bd4c7c851c4b4b7db633a4bf58101",
  "pins" : [
    {
      "identity" : "pocketsvg",
      "kind" : "remoteSourceControl",
      "location" : "https://github.com/pocketsvg/PocketSVG.git",
      "state" : {
        "revision" : "10c6885e427e88d35fbb64010fbd6385cb58fef7",
        "version" : "2.7.3"
      }
    },
    {
      "identity" : "swiftdraw",
      "kind" : "remoteSourceControl",
      "location" : "https://github.com/swhitty/SwiftDraw",
      "state" : {
        "revision" : "65d5db7c0447da1ff48d80cb5bba3b8245f97d7c",
        "version" : "0.18.1"
      }
    }
  ],
  "version" : 3
}
